
Microsoft Visual Studio Solution File, Format Version 12.00
# Visual Studio Version 16
VisualStudioVersion = 25.0.1706.2
MinimumVisualStudioVersion = 10.0.40219.1
Project("{FAE04EC0-301F-11D3-BF4B-00C04F79EFBC}") = "MatchMakerService", "MatchMakerService.csproj", "{739F2BD7-9F00-4FC5-8C9F-3C13AE21C9DB}"
EndProject
Global
	GlobalSection(SolutionConfigurationPlatforms) = preSolution
		Debug|Any CPU = Debug|Any CPU
		Release|Any CPU = Release|Any CPU
	EndGlobalSection
	GlobalSection(ProjectConfigurationPlatforms) = postSolution
		{739F2BD7-9F00-4FC5-8C9F-3C13AE21C9DB}.Debug|Any CPU.ActiveCfg = Debug|Any CPU
		{739F2BD7-9F00-4FC5-8C9F-3C13AE21C9DB}.Debug|Any CPU.Build.0 = Debug|Any CPU
		{739F2BD7-9F00-4FC5-8C9F-3C13AE21C9DB}.Release|Any CPU.ActiveCfg = Release|Any CPU
		{739F2BD7-9F00-4FC5-8C9F-3C13AE21C9DB}.Release|Any CPU.Build.0 = Release|Any CPU
	EndGlobalSection
	GlobalSection(SolutionProperties) = preSolution
		HideSolutionNode = FALSE
	EndGlobalSection
	GlobalSection(ExtensibilityGlobals) = postSolution
		SolutionGuid = {B6514E83-80DB-499E-B8D3-F0C48FC66645}
	EndGlobalSection
EndGlobal
